
Microsoft Visual Studio Solution File, Format Version 12.00
# Visual Studio Version 17
VisualStudioVersion = 17.7.34202.233
MinimumVisualStudioVersion = 10.0.40219.1
Project("{FAE04EC0-301F-11D3-BF4B-00C04F79EFBC}") = "NotesLayerApp.API", "NotesLayerApp.API\NotesLayerApp.API.csproj", "{64414CA4-A391-4BEF-ABF7-F140935B225E}"
EndProject
Project("{FAE04EC0-301F-11D3-BF4B-00C04F79EFBC}") = "NotesLayerApp.Data", "NotesLayerApp.Data\NotesLayerApp.Data.csproj", "{8B1C218D-9685-4508-BFD6-0F1AB5E3ECA8}"
EndProject
Project("{FAE04EC0-301F-11D3-BF4B-00C04F79EFBC}") = "NotesLayerApp.Core", "NotesLayerApp.Core\NotesLayerApp.Core.csproj", "{C4CCDDA6-CF67-4733-9181-A8CEF1F7D6F6}"
EndProject
Project("{FAE04EC0-301F-11D3-BF4B-00C04F79EFBC}") = "NotesLayerApp.Application", "NotesLayerApp.Application\NotesLayerApp.Application.csproj", "{1FF02FD7-CA5E-4BDB-9C5F-4AD210ACDFE3}"
EndProject
Global
	GlobalSection(SolutionConfigurationPlatforms) = preSolution
		Debug|Any CPU = Debug|Any CPU
		Release|Any CPU = Release|Any CPU
	EndGlobalSection
	GlobalSection(ProjectConfigurationPlatforms) = postSolution
		{64414CA4-A391-4BEF-ABF7-F140935B225E}.Debug|Any CPU.ActiveCfg = Debug|Any CPU
		{64414CA4-A391-4BEF-ABF7-F140935B225E}.Debug|Any CPU.Build.0 = Debug|Any CPU
		{64414CA4-A391-4BEF-ABF7-F140935B225E}.Release|Any CPU.ActiveCfg = Release|Any CPU
		{64414CA4-A391-4BEF-ABF7-F140935B225E}.Release|Any CPU.Build.0 = Release|Any CPU
		{8B1C218D-9685-4508-BFD6-0F1AB5E3ECA8}.Debug|Any CPU.ActiveCfg = Debug|Any CPU
		{8B1C218D-9685-4508-BFD6-0F1AB5E3ECA8}.Debug|Any CPU.Build.0 = Debug|Any CPU
		{8B1C218D-9685-4508-BFD6-0F1AB5E3ECA8}.Release|Any CPU.ActiveCfg = Release|Any CPU
		{8B1C218D-9685-4508-BFD6-0F1AB5E3ECA8}.Release|Any CPU.Build.0 = Release|Any CPU
		{C4CCDDA6-CF67-4733-9181-A8CEF1F7D6F6}.Debug|Any CPU.ActiveCfg = Debug|Any CPU
		{C4CCDDA6-CF67-4733-9181-A8CEF1F7D6F6}.Debug|Any CPU.Build.0 = Debug|Any CPU
		{C4CCDDA6-CF67-4733-9181-A8CEF1F7D6F6}.Release|Any CPU.ActiveCfg = Release|Any CPU
		{C4CCDDA6-CF67-4733-9181-A8CEF1F7D6F6}.Release|Any CPU.Build.0 = Release|Any CPU
		{1FF02FD7-CA5E-4BDB-9C5F-4AD210ACDFE3}.Debug|Any CPU.ActiveCfg = Debug|Any CPU
		{1FF02FD7-CA5E-4BDB-9C5F-4AD210ACDFE3}.Debug|Any CPU.Build.0 = Debug|Any CPU
		{1FF02FD7-CA5E-4BDB-9C5F-4AD210ACDFE3}.Release|Any CPU.ActiveCfg = Release|Any CPU
		{1FF02FD7-CA5E-4BDB-9C5F-4AD210ACDFE3}.Release|Any CPU.Build.0 = Release|Any CPU
	EndGlobalSection
	GlobalSection(SolutionProperties) = preSolution
		HideSolutionNode = FALSE
	EndGlobalSection
	GlobalSection(ExtensibilityGlobals) = postSolution
		SolutionGuid = {46D0F8D0-8732-4487-ADCA-05452DC9BCD6}
	EndGlobalSection
EndGlobal
